
Microsoft Visual Studio Solution File, Format Version 12.00
# Visual Studio Version 17
VisualStudioVersion = 17.11.35327.3
MinimumVisualStudioVersion = 10.0.40219.1
Project("{FAE04EC0-301F-11D3-BF4B-00C04F79EFBC}") = "Simulator", "Simulator\Simulator.csproj", "{72C26D79-EB83-4326-9594-5F9FA2DF2758}"
EndProject
Global
	GlobalSection(SolutionConfigurationPlatforms) = preSolution
		Debug|Any CPU = Debug|Any CPU
		Release|Any CPU = Release|Any CPU
	EndGlobalSection
	GlobalSection(ProjectConfigurationPlatforms) = postSolution
		{72C26D79-EB83-4326-9594-5F9FA2DF2758}.Debug|Any CPU.ActiveCfg = Debug|Any CPU
		{72C26D79-EB83-4326-9594-5F9FA2DF2758}.Debug|Any CPU.Build.0 = Debug|Any CPU
		{72C26D79-EB83-4326-9594-5F9FA2DF2758}.Release|Any CPU.ActiveCfg = Release|Any CPU
		{72C26D79-EB83-4326-9594-5F9FA2DF2758}.Release|Any CPU.Build.0 = Release|Any CPU
	EndGlobalSection
	GlobalSection(SolutionProperties) = preSolution
		HideSolutionNode = FALSE
	EndGlobalSection
	GlobalSection(ExtensibilityGlobals) = postSolution
		SolutionGuid = {70056896-28F0-4349-972C-83B9FB8B2C9F}
	EndGlobalSection
EndGlobal
